
Microsoft Visual Studio Solution File, Format Version 12.00
# Visual Studio Version 16
VisualStudioVersion = 16.0.29215.179
MinimumVisualStudioVersion = 10.0.40219.1
Project("{FAE04EC0-301F-11D3-BF4B-00C04F79EFBC}") = "Sys", "Sys.csproj", "{BE57CCA6-F5BE-4B28-B4C8-0508E48FFC6B}"
EndProject
Project("{FAE04EC0-301F-11D3-BF4B-00C04F79EFBC}") = "ChangeInvLetterStatus", "..\ChangeInvLetterStatus\ChangeInvLetterStatus.csproj", "{82264E80-C7B2-44DA-9C47-1C7B0DDC31D2}"
EndProject
Global
	GlobalSection(SolutionConfigurationPlatforms) = preSolution
		Debug|Any CPU = Debug|Any CPU
		Release|Any CPU = Release|Any CPU
	EndGlobalSection
	GlobalSection(ProjectConfigurationPlatforms) = postSolution
		{BE57CCA6-F5BE-4B28-B4C8-0508E48FFC6B}.Debug|Any CPU.ActiveCfg = Debug|Any CPU
		{BE57CCA6-F5BE-4B28-B4C8-0508E48FFC6B}.Debug|Any CPU.Build.0 = Debug|Any CPU
		{BE57CCA6-F5BE-4B28-B4C8-0508E48FFC6B}.Release|Any CPU.ActiveCfg = Release|Any CPU
		{BE57CCA6-F5BE-4B28-B4C8-0508E48FFC6B}.Release|Any CPU.Build.0 = Release|Any CPU
		{82264E80-C7B2-44DA-9C47-1C7B0DDC31D2}.Debug|Any CPU.ActiveCfg = Debug|Any CPU
		{82264E80-C7B2-44DA-9C47-1C7B0DDC31D2}.Debug|Any CPU.Build.0 = Debug|Any CPU
		{82264E80-C7B2-44DA-9C47-1C7B0DDC31D2}.Release|Any CPU.ActiveCfg = Release|Any CPU
		{82264E80-C7B2-44DA-9C47-1C7B0DDC31D2}.Release|Any CPU.Build.0 = Release|Any CPU
	EndGlobalSection
	GlobalSection(SolutionProperties) = preSolution
		HideSolutionNode = FALSE
	EndGlobalSection
	GlobalSection(ExtensibilityGlobals) = postSolution
		SolutionGuid = {B566936B-6816-438F-A26A-903A2CE90D47}
	EndGlobalSection
EndGlobal
